
Microsoft Visual Studio Solution File, Format Version 12.00
# Visual Studio Version 17
VisualStudioVersion = 17.11.35222.181
MinimumVisualStudioVersion = 10.0.40219.1
Project("{FAE04EC0-301F-11D3-BF4B-00C04F79EFBC}") = "SimpleGame.GameService", "GameService\SimpleGame.GameService.csproj", "{61BC8D13-7013-460A-BE7A-B26EC10F08FC}"
EndProject
Project("{FAE04EC0-301F-11D3-BF4B-00C04F79EFBC}") = "SimpleGame.ComputerService", "SimpleGame.ComputerService\SimpleGame.ComputerService.csproj", "{283EA1B1-BFD7-4A56-A63F-E01176C81008}"
EndProject
Project("{FAE04EC0-301F-11D3-BF4B-00C04F79EFBC}") = "SimpleGame.ScoreboardService", "SimpleGame.ScoreboardService\SimpleGame.ScoreboardService.csproj", "{683EF7F5-6033-44BB-AB9E-7D103F6492D9}"
EndProject
Global
	GlobalSection(SolutionConfigurationPlatforms) = preSolution
		Debug|Any CPU = Debug|Any CPU
		Release|Any CPU = Release|Any CPU
	EndGlobalSection
	GlobalSection(ProjectConfigurationPlatforms) = postSolution
		{61BC8D13-7013-460A-BE7A-B26EC10F08FC}.Debug|Any CPU.ActiveCfg = Debug|Any CPU
		{61BC8D13-7013-460A-BE7A-B26EC10F08FC}.Debug|Any CPU.Build.0 = Debug|Any CPU
		{61BC8D13-7013-460A-BE7A-B26EC10F08FC}.Release|Any CPU.ActiveCfg = Release|Any CPU
		{61BC8D13-7013-460A-BE7A-B26EC10F08FC}.Release|Any CPU.Build.0 = Release|Any CPU
		{283EA1B1-BFD7-4A56-A63F-E01176C81008}.Debug|Any CPU.ActiveCfg = Debug|Any CPU
		{283EA1B1-BFD7-4A56-A63F-E01176C81008}.Debug|Any CPU.Build.0 = Debug|Any CPU
		{283EA1B1-BFD7-4A56-A63F-E01176C81008}.Release|Any CPU.ActiveCfg = Release|Any CPU
		{283EA1B1-BFD7-4A56-A63F-E01176C81008}.Release|Any CPU.Build.0 = Release|Any CPU
		{683EF7F5-6033-44BB-AB9E-7D103F6492D9}.Debug|Any CPU.ActiveCfg = Debug|Any CPU
		{683EF7F5-6033-44BB-AB9E-7D103F6492D9}.Debug|Any CPU.Build.0 = Debug|Any CPU
		{683EF7F5-6033-44BB-AB9E-7D103F6492D9}.Release|Any CPU.ActiveCfg = Release|Any CPU
		{683EF7F5-6033-44BB-AB9E-7D103F6492D9}.Release|Any CPU.Build.0 = Release|Any CPU
	EndGlobalSection
	GlobalSection(SolutionProperties) = preSolution
		HideSolutionNode = FALSE
	EndGlobalSection
	GlobalSection(ExtensibilityGlobals) = postSolution
		SolutionGuid = {DC00AFB9-441C-49C4-A634-321B280CBA30}
	EndGlobalSection
EndGlobal
